
Microsoft Visual Studio Solution File, Format Version 11.00
# Visual Studio 2010
Project("{FAE04EC0-301F-11D3-BF4B-00C04F79EFBC}") = "Assembly-CSharp", "Assembly-CSharp.csproj", "{A9DCB0EA-DAD9-07E2-16B8-A5351B64221E}"
EndProject
Project("{FAE04EC0-301F-11D3-BF4B-00C04F79EFBC}") = "Assembly-CSharp-Editor", "Assembly-CSharp-Editor.csproj", "{B0B906D3-DE8D-8C81-E764-177005C3CA30}"
EndProject
Global
	GlobalSection(SolutionConfigurationPlatforms) = preSolution
		Debug|Any CPU = Debug|Any CPU
		Release|Any CPU = Release|Any CPU
	EndGlobalSection
	GlobalSection(ProjectConfigurationPlatforms) = postSolution
		{A9DCB0EA-DAD9-07E2-16B8-A5351B64221E}.Debug|Any CPU.ActiveCfg = Debug|Any CPU
		{A9DCB0EA-DAD9-07E2-16B8-A5351B64221E}.Debug|Any CPU.Build.0 = Debug|Any CPU
		{A9DCB0EA-DAD9-07E2-16B8-A5351B64221E}.Release|Any CPU.ActiveCfg = Release|Any CPU
		{A9DCB0EA-DAD9-07E2-16B8-A5351B64221E}.Release|Any CPU.Build.0 = Release|Any CPU
		{B0B906D3-DE8D-8C81-E764-177005C3CA30}.Debug|Any CPU.ActiveCfg = Debug|Any CPU
		{B0B906D3-DE8D-8C81-E764-177005C3CA30}.Debug|Any CPU.Build.0 = Debug|Any CPU
		{B0B906D3-DE8D-8C81-E764-177005C3CA30}.Release|Any CPU.ActiveCfg = Release|Any CPU
		{B0B906D3-DE8D-8C81-E764-177005C3CA30}.Release|Any CPU.Build.0 = Release|Any CPU
	EndGlobalSection
	GlobalSection(SolutionProperties) = preSolution
		HideSolutionNode = FALSE
	EndGlobalSection
	GlobalSection(MonoDevelopProperties) = preSolution
		StartupItem = Assembly-CSharp.csproj
	EndGlobalSection
EndGlobal
